// !$*UTF8*$!
{
	archiveVersion = 1;
	classes = {
	};
	objectVersion = 46;
	objects = {

/* Begin PBXBuildFile section */
		F81D55A1187BFF570036AFA8 /* Product.m in Sources */ = {isa = PBXBuildFile; fileRef = F81D559E187BFF570036AFA8 /* Product.m */; };
		F81D55A2187BFF570036AFA8 /* ProductCell.m in Sources */ = {isa = PBXBuildFile; fileRef = F81D55A0187BFF570036AFA8 /* ProductCell.m */; };
		F81D55A8187C01640036AFA8 /* rugbyball.png in Resources */ = {isa = PBXBuildFile; fileRef = F81D55A3187C01640036AFA8 /* rugbyball.png */; };
		F81D55A9187C01640036AFA8 /* volleyball.png in Resources */ = {isa = PBXBuildFile; fileRef = F81D55A4187C01640036AFA8 /* volleyball.png */; };
		F81D55AA187C01640036AFA8 /* baseball.png in Resources */ = {isa = PBXBuildFile; fileRef = F81D55A5187C01640036AFA8 /* baseball.png */; };
		F81D55AB187C01640036AFA8 /* basketball.png in Resources */ = {isa = PBXBuildFile; fileRef = F81D55A6187C01640036AFA8 /* basketball.png */; };
		F81D55AC187C01640036AFA8 /* football.png in Resources */ = {isa = PBXBuildFile; fileRef = F81D55A7187C01640036AFA8 /* football.png */; };
		F8456D58187AE9D40001BECA /* Foundation.framework in Frameworks */ = {isa = PBXBuildFile; fileRef = F8456D57187AE9D40001BECA /* Foundation.framework */; };
		F8456D5A187AE9D40001BECA /* CoreGraphics.framework in Frameworks */ = {isa = PBXBuildFile; fileRef = F8456D59187AE9D40001BECA /* CoreGraphics.framework */; };
		F8456D5C187AE9D40001BECA /* UIKit.framework in Frameworks */ = {isa = PBXBuildFile; fileRef = F8456D5B187AE9D40001BECA /* UIKit.framework */; };
		F8456D62187AE9D40001BECA /* InfoPlist.strings in Resources */ = {isa = PBXBuildFile; fileRef = F8456D60187AE9D40001BECA /* InfoPlist.strings */; };
		F8456D64187AE9D40001BECA /* main.m in Sources */ = {isa = PBXBuildFile; fileRef = F8456D63187AE9D40001BECA /* main.m */; };
		F8456D68187AE9D40001BECA /* AppDelegate.m in Sources */ = {isa = PBXBuildFile; fileRef = F8456D67187AE9D40001BECA /* AppDelegate.m */; };
		F8456D6B187AE9D40001BECA /* Main.storyboard in Resources */ = {isa = PBXBuildFile; fileRef = F8456D69187AE9D40001BECA /* Main.storyboard */; };
		F8456D6E187AE9D40001BECA /* ViewController.m in Sources */ = {isa = PBXBuildFile; fileRef = F8456D6D187AE9D40001BECA /* ViewController.m */; };
		F8456D70187AE9D40001BECA /* Images.xcassets in Resources */ = {isa = PBXBuildFile; fileRef = F8456D6F187AE9D40001BECA /* Images.xcassets */; };
		F8456D77187AE9D40001BECA /* XCTest.framework in Frameworks */ = {isa = PBXBuildFile; fileRef = F8456D76187AE9D40001BECA /* XCTest.framework */; };
		F8456D78187AE9D40001BECA /* Foundation.framework in Frameworks */ = {isa = PBXBuildFile; fileRef = F8456D57187AE9D40001BECA /* Foundation.framework */; };
		F8456D79187AE9D40001BECA /* UIKit.framework in Frameworks */ = {isa = PBXBuildFile; fileRef = F8456D5B187AE9D40001BECA /* UIKit.framework */; };
		F8456D81187AE9D40001BECA /* InfoPlist.strings in Resources */ = {isa = PBXBuildFile; fileRef = F8456D7F187AE9D40001BECA /* InfoPlist.strings */; };
		F8456D83187AE9D40001BECA /* StaticCellTestTests.m in Sources */ = {isa = PBXBuildFile; fileRef = F8456D82187AE9D40001BECA /* StaticCellTestTests.m */; };
/* End PBXBuildFile section */

/* Begin PBXContainerItemProxy section */
		F8456D7A187AE9D40001BECA /* PBXContainerItemProxy */ = {
			isa = PBXContainerItemProxy;
			containerPortal = F8456D4C187AE9D40001BECA /* Project object */;
			proxyType = 1;
			remoteGlobalIDString = F8456D53187AE9D40001BECA;
			remoteInfo = StaticCellTest;
		};
/* End PBXContainerItemProxy section */

/* Begin PBXFileReference section */
		F81D559D187BFF570036AFA8 /* Product.h */ = {isa = PBXFileReference; fileEncoding = 4; lastKnownFileType = sourcecode.c.h; path = Product.h; sourceTree = "<group>"; };
		F81D559E187BFF570036AFA8 /* Product.m */ = {isa = PBXFileReference; fileEncoding = 4; lastKnownFileType = sourcecode.c.objc; path = Product.m; sourceTree = "<group>"; };
		F81D559F187BFF570036AFA8 /* ProductCell.h */ = {isa = PBXFileReference; fileEncoding = 4; lastKnownFileType = sourcecode.c.h; path = ProductCell.h; sourceTree = "<group>"; };
		F81D55A0187BFF570036AFA8 /* ProductCell.m */ = {isa = PBXFileReference; fileEncoding = 4; lastKnownFileType = sourcecode.c.objc; path = ProductCell.m; sourceTree = "<group>"; };
		F81D55A3187C01640036AFA8 /* rugbyball.png */ = {isa = PBXFileReference; lastKnownFileType = image.png; path = rugbyball.png; sourceTree = "<group>"; };
		F81D55A4187C01640036AFA8 /* volleyball.png */ = {isa = PBXFileReference; lastKnownFileType = image.png; path = volleyball.png; sourceTree = "<group>"; };
		F81D55A5187C01640036AFA8 /* baseball.png */ = {isa = PBXFileReference; lastKnownFileType = image.png; path = baseball.png; sourceTree = "<group>"; };
		F81D55A6187C01640036AFA8 /* basketball.png */ = {isa = PBXFileReference; lastKnownFileType = image.png; path = basketball.png; sourceTree = "<group>"; };
		F81D55A7187C01640036AFA8 /* football.png */ = {isa = PBXFileReference; lastKnownFileType = image.png; path = football.png; sourceTree = "<group>"; };
		F8456D54187AE9D40001BECA /* StaticCellTest.app */ = {isa = PBXFileReference; explicitFileType = wrapper.application; includeInIndex = 0; path = StaticCellTest.app; sourceTree = BUILT_PRODUCTS_DIR; };
		F8456D57187AE9D40001BECA /* Foundation.framework */ = {isa = PBXFileReference; lastKnownFileType = wrapper.framework; name = Foundation.framework; path = System/Library/Frameworks/Foundation.framework; sourceTree = SDKROOT; };
		F8456D59187AE9D40001BECA /* CoreGraphics.framework */ = {isa = PBXFileReference; lastKnownFileType = wrapper.framework; name = CoreGraphics.framework; path = System/Library/Frameworks/CoreGraphics.framework; sourceTree = SDKROOT; };
		F8456D5B187AE9D40001BECA /* UIKit.framework */ = {isa = PBXFileReference; lastKnownFileType = wrapper.framework; name = UIKit.framework; path = System/Library/Frameworks/UIKit.framework; sourceTree = SDKROOT; };
		F8456D5F187AE9D40001BECA /* StaticCellTest-Info.plist */ = {isa = PBXFileReference; lastKnownFileType = text.plist.xml; path = "StaticCellTest-Info.plist"; sourceTree = "<group>"; };
		F8456D61187AE9D40001BECA /* en */ = {isa = PBXFileReference; lastKnownFileType = text.plist.strings; name = en; path = en.lproj/InfoPlist.strings; sourceTree = "<group>"; };
		F8456D63187AE9D40001BECA /* main.m */ = {isa = PBXFileReference; lastKnownFileType = sourcecode.c.objc; path = main.m; sourceTree = "<group>"; };
		F8456D65187AE9D40001BECA /* StaticCellTest-Prefix.pch */ = {isa = PBXFileReference; lastKnownFileType = sourcecode.c.h; path = "StaticCellTest-Prefix.pch"; sourceTree = "<group>"; };
		F8456D66187AE9D40001BECA /* AppDelegate.h */ = {isa = PBXFileReference; lastKnownFileType = sourcecode.c.h; path = AppDelegate.h; sourceTree = "<group>"; };
		F8456D67187AE9D40001BECA /* AppDelegate.m */ = {isa = PBXFileReference; lastKnownFileType = sourcecode.c.objc; path = AppDelegate.m; sourceTree = "<group>"; };
		F8456D6A187AE9D40001BECA /* Base */ = {isa = PBXFileReference; lastKnownFileType = file.storyboard; name = Base; path = Base.lproj/Main.storyboard; sourceTree = "<group>"; };
		F8456D6C187AE9D40001BECA /* ViewController.h */ = {isa = PBXFileReference; lastKnownFileType = sourcecode.c.h; path = ViewController.h; sourceTree = "<group>"; };
		F8456D6D187AE9D40001BECA /* ViewController.m */ = {isa = PBXFileReference; lastKnownFileType = sourcecode.c.objc; path = ViewController.m; sourceTree = "<group>"; };
		F8456D6F187AE9D40001BECA /* Images.xcassets */ = {isa = PBXFileReference; lastKnownFileType = folder.assetcatalog; path = Images.xcassets; sourceTree = "<group>"; };
		F8456D75187AE9D40001BECA /* StaticCellTestTests.xctest */ = {isa = PBXFileReference; explicitFileType = wrapper.cfbundle; includeInIndex = 0; path = StaticCellTestTests.xctest; sourceTree = BUILT_PRODUCTS_DIR; };
		F8456D76187AE9D40001BECA /* XCTest.framework */ = {isa = PBXFileReference; lastKnownFileType = wrapper.framework; name = XCTest.framework; path = Library/Frameworks/XCTest.framework; sourceTree = DEVELOPER_DIR; };
		F8456D7E187AE9D40001BECA /* StaticCellTestTests-Info.plist */ = {isa = PBXFileReference; lastKnownFileType = text.plist.xml; path = "StaticCellTestTests-Info.plist"; sourceTree = "<group>"; };
		F8456D80187AE9D40001BECA /* en */ = {isa = PBXFileReference; lastKnownFileType = text.plist.strings; name = en; path = en.lproj/InfoPlist.strings; sourceTree = "<group>"; };
		F8456D82187AE9D40001BECA /* StaticCellTestTests.m */ = {isa = PBXFileReference; lastKnownFileType = sourcecode.c.objc; path = StaticCellTestTests.m; sourceTree = "<group>"; };
/* End PBXFileReference section */

/* Begin PBXFrameworksBuildPhase section */
		F8456D51187AE9D40001BECA /* Frameworks */ = {
			isa = PBXFrameworksBuildPhase;
			buildActionMask = 2147483647;
			files = (
				F8456D5A187AE9D40001BECA /* CoreGraphics.framework in Frameworks */,
				F8456D5C187AE9D40001BECA /* UIKit.framework in Frameworks */,
				F8456D58187AE9D40001BECA /* Foundation.framework in Frameworks */,
			);
			runOnlyForDeploymentPostprocessing = 0;
		};
		F8456D72187AE9D40001BECA /* Frameworks */ = {
			isa = PBXFrameworksBuildPhase;
			buildActionMask = 2147483647;
			files = (
				F8456D77187AE9D40001BECA /* XCTest.framework in Frameworks */,
				F8456D79187AE9D40001BECA /* UIKit.framework in Frameworks */,
				F8456D78187AE9D40001BECA /* Foundation.framework in Frameworks */,
			);
			runOnlyForDeploymentPostprocessing = 0;
		};
/* End PBXFrameworksBuildPhase section */

/* Begin PBXGroup section */
		F8456D4B187AE9D40001BECA = {
			isa = PBXGroup;
			children = (
				F8456D5D187AE9D40001BECA /* StaticCellTest */,
				F8456D7C187AE9D40001BECA /* StaticCellTestTests */,
				F8456D56187AE9D40001BECA /* Frameworks */,
				F8456D55187AE9D40001BECA /* Products */,
			);
			sourceTree = "<group>";
		};
		F8456D55187AE9D40001BECA /* Products */ = {
			isa = PBXGroup;
			children = (
				F8456D54187AE9D40001BECA /* StaticCellTest.app */,
				F8456D75187AE9D40001BECA /* StaticCellTestTests.xctest */,
			);
			name = Products;
			sourceTree = "<group>";
		};
		F8456D56187AE9D40001BECA /* Frameworks */ = {
			isa = PBXGroup;
			children = (
				F8456D57187AE9D40001BECA /* Foundation.framework */,
				F8456D59187AE9D40001BECA /* CoreGraphics.framework */,
				F8456D5B187AE9D40001BECA /* UIKit.framework */,
				F8456D76187AE9D40001BECA /* XCTest.framework */,
			);
			name = Frameworks;
			sourceTree = "<group>";
		};
		F8456D5D187AE9D40001BECA /* StaticCellTest */ = {
			isa = PBXGroup;
			children = (
				F81D55A3187C01640036AFA8 /* rugbyball.png */,
				F81D55A4187C01640036AFA8 /* volleyball.png */,
				F81D55A5187C01640036AFA8 /* baseball.png */,
				F81D55A6187C01640036AFA8 /* basketball.png */,
				F81D55A7187C01640036AFA8 /* football.png */,
				F81D559D187BFF570036AFA8 /* Product.h */,
				F81D559E187BFF570036AFA8 /* Product.m */,
				F81D559F187BFF570036AFA8 /* ProductCell.h */,
				F81D55A0187BFF570036AFA8 /* ProductCell.m */,
				F8456D66187AE9D40001BECA /* AppDelegate.h */,
				F8456D67187AE9D40001BECA /* AppDelegate.m */,
				F8456D69187AE9D40001BECA /* Main.storyboard */,
				F8456D6C187AE9D40001BECA /* ViewController.h */,
				F8456D6D187AE9D40001BECA /* ViewController.m */,
				F8456D6F187AE9D40001BECA /* Images.xcassets */,
				F8456D5E187AE9D40001BECA /* Supporting Files */,
			);
			path = StaticCellTest;
			sourceTree = "<group>";
		};
		F8456D5E187AE9D40001BECA /* Supporting Files */ = {
			isa = PBXGroup;
			children = (
				F8456D5F187AE9D40001BECA /* StaticCellTest-Info.plist */,
				F8456D60187AE9D40001BECA /* InfoPlist.strings */,
				F8456D63187AE9D40001BECA /* main.m */,
				F8456D65187AE9D40001BECA /* StaticCellTest-Prefix.pch */,
			);
			name = "Supporting Files";
			sourceTree = "<group>";
		};
		F8456D7C187AE9D40001BECA /* StaticCellTestTests */ = {
			isa = PBXGroup;
			children = (
				F8456D82187AE9D40001BECA /* StaticCellTestTests.m */,
				F8456D7D187AE9D40001BECA /* Supporting Files */,
			);
			path = StaticCellTestTests;
			sourceTree = "<group>";
		};
		F8456D7D187AE9D40001BECA /* Supporting Files */ = {
			isa = PBXGroup;
			children = (
				F8456D7E187AE9D40001BECA /* StaticCellTestTests-Info.plist */,
				F8456D7F187AE9D40001BECA /* InfoPlist.strings */,
			);
			name = "Supporting Files";
			sourceTree = "<group>";
		};
/* End PBXGroup section */

/* Begin PBXNativeTarget section */
		F8456D53187AE9D40001BECA /* StaticCellTest */ = {
			isa = PBXNativeTarget;
			buildConfigurationList = F8456D86187AE9D40001BECA /* Build configuration list for PBXNativeTarget "StaticCellTest" */;
			buildPhases = (
				F8456D50187AE9D40001BECA /* Sources */,
				F8456D51187AE9D40001BECA /* Frameworks */,
				F8456D52187AE9D40001BECA /* Resources */,
			);
			buildRules = (
			);
			dependencies = (
			);
			name = StaticCellTest;
			productName = StaticCellTest;
			productReference = F8456D54187AE9D40001BECA /* StaticCellTest.app */;
			productType = "com.apple.product-type.application";
		};
		F8456D74187AE9D40001BECA /* StaticCellTestTests */ = {
			isa = PBXNativeTarget;
			buildConfigurationList = F8456D89187AE9D40001BECA /* Build configuration list for PBXNativeTarget "StaticCellTestTests" */;
			buildPhases = (
				F8456D71187AE9D40001BECA /* Sources */,
				F8456D72187AE9D40001BECA /* Frameworks */,
				F8456D73187AE9D40001BECA /* Resources */,
			);
			buildRules = (
			);
			dependencies = (
				F8456D7B187AE9D40001BECA /* PBXTargetDependency */,
			);
			name = StaticCellTestTests;
			productName = StaticCellTestTests;
			productReference = F8456D75187AE9D40001BECA /* StaticCellTestTests.xctest */;
			productType = "com.apple.product-type.bundle.unit-test";
		};
/* End PBXNativeTarget section */

/* Begin PBXProject section */
		F8456D4C187AE9D40001BECA /* Project object */ = {
			isa = PBXProject;
			attributes = {
				LastUpgradeCheck = 0500;
				ORGANIZATIONNAME = "In Chung Yeul";
				TargetAttributes = {
					F8456D74187AE9D40001BECA = {
						TestTargetID = F8456D53187AE9D40001BECA;
					};
				};
			};
			buildConfigurationList = F8456D4F187AE9D40001BECA /* Build configuration list for PBXProject "StaticCellTest" */;
			compatibilityVersion = "Xcode 3.2";
			developmentRegion = English;
			hasScannedForEncodings = 0;
			knownRegions = (
				en,
				Base,
			);
			mainGroup = F8456D4B187AE9D40001BECA;
			productRefGroup = F8456D55187AE9D40001BECA /* Products */;
			projectDirPath = "";
			projectRoot = "";
			targets = (
				F8456D53187AE9D40001BECA /* StaticCellTest */,
				F8456D74187AE9D40001BECA /* StaticCellTestTests */,
			);
		};
/* End PBXProject section */

/* Begin PBXResourcesBuildPhase section */
		F8456D52187AE9D40001BECA /* Resources */ = {
			isa = PBXResourcesBuildPhase;
			buildActionMask = 2147483647;
			files = (
				F81D55A8187C01640036AFA8 /* rugbyball.png in Resources */,
				F8456D70187AE9D40001BECA /* Images.xcassets in Resources */,
				F81D55AC187C01640036AFA8 /* football.png in Resources */,
				F8456D62187AE9D40001BECA /* InfoPlist.strings in Resources */,
				F81D55AB187C01640036AFA8 /* basketball.png in Resources */,
				F81D55AA187C01640036AFA8 /* baseball.png in Resources */,
				F81D55A9187C01640036AFA8 /* volleyball.png in Resources */,
				F8456D6B187AE9D40001BECA /* Main.storyboard in Resources */,
			);
			runOnlyForDeploymentPostprocessing = 0;
		};
		F8456D73187AE9D40001BECA /* Resources */ = {
			isa = PBXResourcesBuildPhase;
			buildActionMask = 2147483647;
			files = (
				F8456D81187AE9D40001BECA /* InfoPlist.strings in Resources */,
			);
			runOnlyForDeploymentPostprocessing = 0;
		};
/* End PBXResourcesBuildPhase section */

/* Begin PBXSourcesBuildPhase section */
		F8456D50187AE9D40001BECA /* Sources */ = {
			isa = PBXSourcesBuildPhase;
			buildActionMask = 2147483647;
			files = (
				F81D55A2187BFF570036AFA8 /* ProductCell.m in Sources */,
				F8456D6E187AE9D40001BECA /* ViewController.m in Sources */,
				F81D55A1187BFF570036AFA8 /* Product.m in Sources */,
				F8456D68187AE9D40001BECA /* AppDelegate.m in Sources */,
				F8456D64187AE9D40001BECA /* main.m in Sources */,
			);
			runOnlyForDeploymentPostprocessing = 0;
		};
		F8456D71187AE9D40001BECA /* Sources */ = {
			isa = PBXSourcesBuildPhase;
			buildActionMask = 2147483647;
			files = (
				F8456D83187AE9D40001BECA /* StaticCellTestTests.m in Sources */,
			);
			runOnlyForDeploymentPostprocessing = 0;
		};
/* End PBXSourcesBuildPhase section */

/* Begin PBXTargetDependency section */
		F8456D7B187AE9D40001BECA /* PBXTargetDependency */ = {
			isa = PBXTargetDependency;
			target = F8456D53187AE9D40001BECA /* StaticCellTest */;
			targetProxy = F8456D7A187AE9D40001BECA /* PBXContainerItemProxy */;
		};
/* End PBXTargetDependency section */

/* Begin PBXVariantGroup section */
		F8456D60187AE9D40001BECA /* InfoPlist.strings */ = {
			isa = PBXVariantGroup;
			children = (
				F8456D61187AE9D40001BECA /* en */,
			);
			name = InfoPlist.strings;
			sourceTree = "<group>";
		};
		F8456D69187AE9D40001BECA /* Main.storyboard */ = {
			isa = PBXVariantGroup;
			children = (
				F8456D6A187AE9D40001BECA /* Base */,
			);
			name = Main.storyboard;
			sourceTree = "<group>";
		};
		F8456D7F187AE9D40001BECA /* InfoPlist.strings */ = {
			isa = PBXVariantGroup;
			children = (
				F8456D80187AE9D40001BECA /* en */,
			);
			name = InfoPlist.strings;
			sourceTree = "<group>";
		};
/* End PBXVariantGroup section */

/* Begin XCBuildConfiguration section */
		F8456D84187AE9D40001BECA /* Debug */ = {
			isa = XCBuildConfiguration;
			buildSettings = {
				ALWAYS_SEARCH_USER_PATHS = NO;
				ARCHS = "$(ARCHS_STANDARD_INCLUDING_64_BIT)";
				CLANG_CXX_LANGUAGE_STANDARD = "gnu++0x";
				CLANG_CXX_LIBRARY = "libc++";
				CLANG_ENABLE_MODULES = YES;
				CLANG_ENABLE_OBJC_ARC = YES;
				CLANG_WARN_BOOL_CONVERSION = YES;
				CLANG_WARN_CONSTANT_CONVERSION = YES;
				CLANG_WARN_DIRECT_OBJC_ISA_USAGE = YES_ERROR;
				CLANG_WARN_EMPTY_BODY = YES;
				CLANG_WARN_ENUM_CONVERSION = YES;
				CLANG_WARN_INT_CONVERSION = YES;
				CLANG_WARN_OBJC_ROOT_CLASS = YES_ERROR;
				CLANG_WARN__DUPLICATE_METHOD_MATCH = YES;
				"CODE_SIGN_IDENTITY[sdk=iphoneos*]" = "iPhone Developer";
				COPY_PHASE_STRIP = NO;
				GCC_C_LANGUAGE_STANDARD = gnu99;
				GCC_DYNAMIC_NO_PIC = NO;
				GCC_OPTIMIZATION_LEVEL = 0;
				GCC_PREPROCESSOR_DEFINITIONS = (
					"DEBUG=1",
					"$(inherited)",
				);
				GCC_SYMBOLS_PRIVATE_EXTERN = NO;
				GCC_WARN_64_TO_32_BIT_CONVERSION = YES;
				GCC_WARN_ABOUT_RETURN_TYPE = YES_ERROR;
				GCC_WARN_UNDECLARED_SELECTOR = YES;
				GCC_WARN_UNINITIALIZED_AUTOS = YES;
				GCC_WARN_UNUSED_FUNCTION = YES;
				GCC_WARN_UNUSED_VARIABLE = YES;
				IPHONEOS_DEPLOYMENT_TARGET = 7.0;
				ONLY_ACTIVE_ARCH = YES;
				SDKROOT = iphoneos;
			};
			name = Debug;
		};
		F8456D85187AE9D40001BECA /* Release */ = {
			isa = XCBuildConfiguration;
			buildSettings = {
				ALWAYS_SEARCH_USER_PATHS = NO;
				ARCHS = "$(ARCHS_STANDARD_INCLUDING_64_BIT)";
				CLANG_CXX_LANGUAGE_STANDARD = "gnu++0x";
				CLANG_CXX_LIBRARY = "libc++";
				CLANG_ENABLE_MODULES = YES;
				CLANG_ENABLE_OBJC_ARC = YES;
				CLANG_WARN_BOOL_CONVERSION = YES;
				CLANG_WARN_CONSTANT_CONVERSION = YES;
				CLANG_WARN_DIRECT_OBJC_ISA_USAGE = YES_ERROR;
				CLANG_WARN_EMPTY_BODY = YES;
				CLANG_WARN_ENUM_CONVERSION = YES;
				CLANG_WARN_INT_CONVERSION = YES;
				CLANG_WARN_OBJC_ROOT_CLASS = YES_ERROR;
				CLANG_WARN__DUPLICATE_METHOD_MATCH = YES;
				"CODE_SIGN_IDENTITY[sdk=iphoneos*]" = "iPhone Developer";
				COPY_PHASE_STRIP = YES;
				ENABLE_NS_ASSERTIONS = NO;
				GCC_C_LANGUAGE_STANDARD = gnu99;
				GCC_WARN_64_TO_32_BIT_CONVERSION = YES;
				GCC_WARN_ABOUT_RETURN_TYPE = YES_ERROR;
				GCC_WARN_UNDECLARED_SELECTOR = YES;
				GCC_WARN_UNINITIALIZED_AUTOS = YES;
				GCC_WARN_UNUSED_FUNCTION = YES;
				GCC_WARN_UNUSED_VARIABLE = YES;
				IPHONEOS_DEPLOYMENT_TARGET = 7.0;
				SDKROOT = iphoneos;
				VALIDATE_PRODUCT = YES;
			};
			name = Release;
		};
		F8456D87187AE9D40001BECA /* Debug */ = {
			isa = XCBuildConfiguration;
			buildSettings = {
				ASSETCATALOG_COMPILER_APPICON_NAME = AppIcon;
				ASSETCATALOG_COMPILER_LAUNCHIMAGE_NAME = LaunchImage;
				GCC_PRECOMPILE_PREFIX_HEADER = YES;
				GCC_PREFIX_HEADER = "StaticCellTest/StaticCellTest-Prefix.pch";
				INFOPLIST_FILE = "StaticCellTest/StaticCellTest-Info.plist";
				PRODUCT_NAME = "$(TARGET_NAME)";
				WRAPPER_EXTENSION = app;
			};
			name = Debug;
		};
		F8456D88187AE9D40001BECA /* Release */ = {
			isa = XCBuildConfiguration;
			buildSettings = {
				ASSETCATALOG_COMPILER_APPICON_NAME = AppIcon;
				ASSETCATALOG_COMPILER_LAUNCHIMAGE_NAME = LaunchImage;
				GCC_PRECOMPILE_PREFIX_HEADER = YES;
				GCC_PREFIX_HEADER = "StaticCellTest/StaticCellTest-Prefix.pch";
				INFOPLIST_FILE = "StaticCellTest/StaticCellTest-Info.plist";
				PRODUCT_NAME = "$(TARGET_NAME)";
				WRAPPER_EXTENSION = app;
			};
			name = Release;
		};
		F8456D8A187AE9D40001BECA /* Debug */ = {
			isa = XCBuildConfiguration;
			buildSettings = {
				ARCHS = "$(ARCHS_STANDARD_INCLUDING_64_BIT)";
				BUNDLE_LOADER = "$(BUILT_PRODUCTS_DIR)/StaticCellTest.app/StaticCellTest";
				FRAMEWORK_SEARCH_PATHS = (
					"$(SDKROOT)/Developer/Library/Frameworks",
					"$(inherited)",
					"$(DEVELOPER_FRAMEWORKS_DIR)",
				);
				GCC_PRECOMPILE_PREFIX_HEADER = YES;
				GCC_PREFIX_HEADER = "StaticCellTest/StaticCellTest-Prefix.pch";
				GCC_PREPROCESSOR_DEFINITIONS = (
					"DEBUG=1",
					"$(inherited)",
				);
				INFOPLIST_FILE = "StaticCellTestTests/StaticCellTestTests-Info.plist";
				PRODUCT_NAME = "$(TARGET_NAME)";
				TEST_HOST = "$(BUNDLE_LOADER)";
				WRAPPER_EXTENSION = xctest;
			};
			name = Debug;
		};
		F8456D8B187AE9D40001BECA /* Release */ = {
			isa = XCBuildConfiguration;
			buildSettings = {
				ARCHS = "$(ARCHS_STANDARD_INCLUDING_64_BIT)";
				BUNDLE_LOADER = "$(BUILT_PRODUCTS_DIR)/StaticCellTest.app/StaticCellTest";
				FRAMEWORK_SEARCH_PATHS = (
					"$(SDKROOT)/Developer/Library/Frameworks",
					"$(inherited)",
					"$(DEVELOPER_FRAMEWORKS_DIR)",
				);
				GCC_PRECOMPILE_PREFIX_HEADER = YES;
				GCC_PREFIX_HEADER = "StaticCellTest/StaticCellTest-Prefix.pch";
				INFOPLIST_FILE = "StaticCellTestTests/StaticCellTestTests-Info.plist";
				PRODUCT_NAME = "$(TARGET_NAME)";
				TEST_HOST = "$(BUNDLE_LOADER)";
				WRAPPER_EXTENSION = xctest;
			};
			name = Release;
		};
/* End XCBuildConfiguration section */

/* Begin XCConfigurationList section */
		F8456D4F187AE9D40001BECA /* Build configuration list for PBXProject "StaticCellTest" */ = {
			isa = XCConfigurationList;
			buildConfigurations = (
				F8456D84187AE9D40001BECA /* Debug */,
				F8456D85187AE9D40001BECA /* Release */,
			);
			defaultConfigurationIsVisible = 0;
			defaultConfigurationName = Release;
		};
		F8456D86187AE9D40001BECA /* Build configuration list for PBXNativeTarget "StaticCellTest" */ = {
			isa = XCConfigurationList;
			buildConfigurations = (
				F8456D87187AE9D40001BECA /* Debug */,
				F8456D88187AE9D40001BECA /* Release */,
			);
			defaultConfigurationIsVisible = 0;
			defaultConfigurationName = Release;
		};
		F8456D89187AE9D40001BECA /* Build configuration list for PBXNativeTarget "StaticCellTestTests" */ = {
			isa = XCConfigurationList;
			buildConfigurations = (
				F8456D8A187AE9D40001BECA /* Debug */,
				F8456D8B187AE9D40001BECA /* Release */,
			);
			defaultConfigurationIsVisible = 0;
			defaultConfigurationName = Release;
		};
/* End XCConfigurationList section */
	};
	rootObject = F8456D4C187AE9D40001BECA /* Project object */;
}
